
Microsoft Visual Studio Solution File, Format Version 12.00
# Visual Studio Version 17
VisualStudioVersion = 17.14.36616.10 d17.14
MinimumVisualStudioVersion = 10.0.40219.1
Project("{FAE04EC0-301F-11D3-BF4B-00C04F79EFBC}") = "lab grafica 6", "lab grafica 6\lab grafica 6.csproj", "{0A1E87AC-3DDB-4AEB-BC94-0C57DF9E85A6}"
EndProject
Global
	GlobalSection(SolutionConfigurationPlatforms) = preSolution
		Debug|Any CPU = Debug|Any CPU
		Release|Any CPU = Release|Any CPU
	EndGlobalSection
	GlobalSection(ProjectConfigurationPlatforms) = postSolution
		{0A1E87AC-3DDB-4AEB-BC94-0C57DF9E85A6}.Debug|Any CPU.ActiveCfg = Debug|Any CPU
		{0A1E87AC-3DDB-4AEB-BC94-0C57DF9E85A6}.Debug|Any CPU.Build.0 = Debug|Any CPU
		{0A1E87AC-3DDB-4AEB-BC94-0C57DF9E85A6}.Release|Any CPU.ActiveCfg = Release|Any CPU
		{0A1E87AC-3DDB-4AEB-BC94-0C57DF9E85A6}.Release|Any CPU.Build.0 = Release|Any CPU
	EndGlobalSection
	GlobalSection(SolutionProperties) = preSolution
		HideSolutionNode = FALSE
	EndGlobalSection
	GlobalSection(ExtensibilityGlobals) = postSolution
		SolutionGuid = {448C409B-0958-4828-A181-333968DC4293}
	EndGlobalSection
EndGlobal
